{
  "version": "3",
  "packages": {
    "specifiers": {
      "npm:react-server-dom-esm": "npm:react-server-dom-esm@0.0.1"
    },
    "npm": {
      "react-server-dom-esm@0.0.1": {
        "integrity": "sha512-HTvXS2HZDFqsSo9FfRRDmcsMh8exnI81gSfUG4Q019xRllafQUxBHZn0+axM4oEZ3Pxs7hSsqNlCYToLjbTZ/w==",
        "dependencies": {}
      }
    }
  },
  "remote": {
    "https://deno.land/std@0.140.0/_util/assert.ts": "e94f2eb37cebd7f199952e242c77654e43333c1ac4c5c700e929ea3aa5489f74",
    "https://deno.land/std@0.140.0/_util/os.ts": "3b4c6e27febd119d36a416d7a97bd3b0251b77c88942c8f16ee5953ea13e2e49",
    "https://deno.land/std@0.140.0/bytes/bytes_list.ts": "67eb118e0b7891d2f389dad4add35856f4ad5faab46318ff99653456c23b025d",
    "https://deno.land/std@0.140.0/bytes/equals.ts": "fc16dff2090cced02497f16483de123dfa91e591029f985029193dfaa9d894c9",
    "https://deno.land/std@0.140.0/bytes/mod.ts": "763f97d33051cc3f28af1a688dfe2830841192a9fea0cbaa55f927b49d49d0bf",
    "https://deno.land/std@0.140.0/fmt/colors.ts": "30455035d6d728394781c10755351742dd731e3db6771b1843f9b9e490104d37",
    "https://deno.land/std@0.140.0/fs/_util.ts": "0fb24eb4bfebc2c194fb1afdb42b9c3dda12e368f43e8f2321f84fc77d42cb0f",
    "https://deno.land/std@0.140.0/fs/ensure_dir.ts": "9dc109c27df4098b9fc12d949612ae5c9c7169507660dcf9ad90631833209d9d",
    "https://deno.land/std@0.140.0/hash/sha256.ts": "803846c7a5a8a5a97f31defeb37d72f519086c880837129934f5d6f72102a8e8",
    "https://deno.land/std@0.140.0/io/buffer.ts": "bd0c4bf53db4b4be916ca5963e454bddfd3fcd45039041ea161dbf826817822b",
    "https://deno.land/std@0.140.0/io/types.d.ts": "01f60ae7ec02675b5dbed150d258fc184a78dfe5c209ef53ba4422b46b58822c",
    "https://deno.land/std@0.140.0/path/_constants.ts": "df1db3ffa6dd6d1252cc9617e5d72165cd2483df90e93833e13580687b6083c3",
    "https://deno.land/std@0.140.0/path/_interface.ts": "ee3b431a336b80cf445441109d089b70d87d5e248f4f90ff906820889ecf8d09",
    "https://deno.land/std@0.140.0/path/_util.ts": "c1e9686d0164e29f7d880b2158971d805b6e0efc3110d0b3e24e4b8af2190d2b",
    "https://deno.land/std@0.140.0/path/common.ts": "bee563630abd2d97f99d83c96c2fa0cca7cee103e8cb4e7699ec4d5db7bd2633",
    "https://deno.land/std@0.140.0/path/glob.ts": "cb5255638de1048973c3e69e420c77dc04f75755524cb3b2e160fe9277d939ee",
    "https://deno.land/std@0.140.0/path/mod.ts": "d3e68d0abb393fb0bf94a6d07c46ec31dc755b544b13144dee931d8d5f06a52d",
    "https://deno.land/std@0.140.0/path/posix.ts": "293cdaec3ecccec0a9cc2b534302dfe308adb6f10861fa183275d6695faace44",
    "https://deno.land/std@0.140.0/path/separator.ts": "fe1816cb765a8068afb3e8f13ad272351c85cbc739af56dacfc7d93d710fe0f9",
    "https://deno.land/std@0.140.0/path/win32.ts": "31811536855e19ba37a999cd8d1b62078235548d67902ece4aa6b814596dd757",
    "https://deno.land/std@0.140.0/streams/conversion.ts": "712585bfa0172a97fb68dd46e784ae8ad59d11b88079d6a4ab098ff42e697d21",
    "https://deno.land/std@0.162.0/async/abortable.ts": "87aa7230be8360c24ad437212311c9e8d4328854baec27b4c7abb26e85515c06",
    "https://deno.land/std@0.162.0/async/deadline.ts": "48ac998d7564969f3e6ec6b6f9bf0217ebd00239b1b2292feba61272d5dd58d0",
    "https://deno.land/std@0.162.0/async/debounce.ts": "dc8b92d4a4fe7eac32c924f2b8d3e62112530db70cadce27042689d82970b350",
    "https://deno.land/std@0.162.0/async/deferred.ts": "d8fb253ffde2a056e4889ef7e90f3928f28be9f9294b6505773d33f136aab4e6",
    "https://deno.land/std@0.162.0/async/delay.ts": "0419dfc993752849692d1f9647edf13407c7facc3509b099381be99ffbc9d699",
    "https://deno.land/std@0.162.0/async/mod.ts": "dd0a8ed4f3984ffabe2fcca7c9f466b7932d57b1864ffee148a5d5388316db6b",
    "https://deno.land/std@0.162.0/async/mux_async_iterator.ts": "3447b28a2a582224a3d4d3596bccbba6e85040da3b97ed64012f7decce98d093",
    "https://deno.land/std@0.162.0/async/pool.ts": "ef9eb97b388543acbf0ac32647121e4dbe629236899586c4d4311a8770fbb239",
    "https://deno.land/std@0.162.0/async/tee.ts": "9af3a3e7612af75861308b52249e167f5ebc3dcfc8a1a4d45462d96606ee2b70",
    "https://deno.land/std@0.162.0/http/server.ts": "e99c1bee8a3f6571ee4cdeb2966efad465b8f6fe62bec1bdb59c1f007cc4d155",
    "https://deno.land/x/deno_cache@0.4.1/auth_tokens.ts": "5fee7e9155e78cedf3f6ff3efacffdb76ac1a76c86978658d9066d4fb0f7326e",
    "https://deno.land/x/deno_cache@0.4.1/cache.ts": "51f72f4299411193d780faac8c09d4e8cbee951f541121ef75fcc0e94e64c195",
    "https://deno.land/x/deno_cache@0.4.1/deno_dir.ts": "f2a9044ce8c7fe1109004cda6be96bf98b08f478ce77e7a07f866eff1bdd933f",
    "https://deno.land/x/deno_cache@0.4.1/deps.ts": "8974097d6c17e65d9a82d39377ae8af7d94d74c25c0cbb5855d2920e063f2343",
    "https://deno.land/x/deno_cache@0.4.1/dirs.ts": "d2fa473ef490a74f2dcb5abb4b9ab92a48d2b5b6320875df2dee64851fa64aa9",
    "https://deno.land/x/deno_cache@0.4.1/disk_cache.ts": "1f3f5232cba4c56412d93bdb324c624e95d5dd179d0578d2121e3ccdf55539f9",
    "https://deno.land/x/deno_cache@0.4.1/file_fetcher.ts": "07a6c5f8fd94bf50a116278cc6012b4921c70d2251d98ce1c9f3c352135c39f7",
    "https://deno.land/x/deno_cache@0.4.1/http_cache.ts": "f632e0d6ec4a5d61ae3987737a72caf5fcdb93670d21032ddb78df41131360cd",
    "https://deno.land/x/deno_cache@0.4.1/mod.ts": "ef1cda9235a93b89cb175fe648372fc0f785add2a43aa29126567a05e3e36195",
    "https://deno.land/x/deno_cache@0.4.1/util.ts": "8cb686526f4be5205b92c819ca2ce82220aa0a8dd3613ef0913f6dc269dbbcfe",
    "https://deno.land/x/deno_graph@0.26.0/lib/deno_graph.generated.js": "2f7ca85b2ceb80ec4b3d1b7f3a504956083258610c7b9a1246238c5b7c68f62d",
    "https://deno.land/x/deno_graph@0.26.0/lib/loader.ts": "380e37e71d0649eb50176a9786795988fc3c47063a520a54b616d7727b0f8629",
    "https://deno.land/x/deno_graph@0.26.0/lib/media_type.ts": "222626d524fa2f9ebcc0ec7c7a7d5dfc74cc401cc46790f7c5e0eab0b0787707",
    "https://deno.land/x/deno_graph@0.26.0/lib/snippets/deno_graph-de651bc9c240ed8d/src/deno_apis.js": "41192baaa550a5c6a146280fae358cede917ae16ec4e4315be51bef6631ca892",
    "https://deno.land/x/deno_graph@0.26.0/lib/types.d.ts": "2bbdbf895321d1df8db511fab00160a0211c09c2e7cac56c522dd6e9ed6d2ef7",
    "https://deno.land/x/deno_graph@0.26.0/mod.ts": "11131ae166580a1c7fa8506ff553751465a81c263d94443f18f353d0c320bc14",
    "https://deno.land/x/denoflate@1.2.1/mod.ts": "f5628e44b80b3d80ed525afa2ba0f12408e3849db817d47a883b801f9ce69dd6",
    "https://deno.land/x/denoflate@1.2.1/pkg/denoflate.js": "b9f9ad9457d3f12f28b1fb35c555f57443427f74decb403113d67364e4f2caf4",
    "https://deno.land/x/denoflate@1.2.1/pkg/denoflate_bg.wasm.js": "d581956245407a2115a3d7e8d85a9641c032940a8e810acbd59ca86afd34d44d",
    "https://deno.land/x/emit@0.10.0/lib/emit.generated.js": "b8512fd665c7cc62f5a682e5794b5f69110a2846d0b04177cc74ba22ed7c5ffd",
    "https://deno.land/x/emit@0.10.0/mod.ts": "20fd97493b37308480c288a559311cf950b4b799c8e6a91f86fc77ce9467e248",
    "https://deno.land/x/esbuild@v0.15.13/mod.d.ts": "12e96a8d05c8e2c5638aa9cb09f24222134d437abb2f3f52de0156adb2270719",
    "https://deno.land/x/esbuild@v0.15.13/mod.js": "b826d8a942518a33da4a136aed2b749c6ad566f8aa2c51e5736392f2e34b9354",
    "https://deno.land/x/esbuild@v0.15.13/wasm.js": "48d35feac7b16496dba727dda7bab6c73a565f646f8489052664c67fc812d7e0",
    "https://esm.sh/react-dom@18.3.0-canary-d803f519e-20231020&dev/server": "a319b401bf9767fceb93f887a726191c8193c811898d8d67a0c0fed046768d13",
    "https://esm.sh/react-dom@18.3.0-next-4bd245e9e-20221104/server?dev": "c7ffc94b19654c602f1245e3608617dd4c37c0c50ef7fe572b4c2a06038673c0",
    "https://esm.sh/react-server-dom-webpack@18.3.0-canary-d803f519e-20231020&dev/client": "439e7aa655cac46b2fd06ac2db53355a97e7314830c20281470d3e4bd88dd598",
    "https://esm.sh/react-server-dom-webpack@18.3.0-canary-d803f519e-20231020&dev/server": "7b1a9605c3042214689ea43d772a79139d510be7d5cf443aec03c5093832dafd",
    "https://esm.sh/react-server-dom-webpack@18.3.0-canary-d803f519e-20231020&dev/server.browser": "6e442aed91478ce580a0dddbfcfe5913bbf55ac595d935919ac07301b91b524d",
    "https://esm.sh/react-server-dom-webpack@18.3.0-canary-d803f519e-20231020&dev/server.edge": "1744c4b365db86e6e8df2711fb0f1aebc6c45bd5d096a28c0536caab4f1a4b5f",
    "https://esm.sh/react-server-dom-webpack@18.3.0-canary-d803f519e-20231020&dev/server.node.unbundled": "8e77c8176ed097817aea5aa24967b7ede083e3db2998b1b656580f338774ba65",
    "https://esm.sh/react@18.3.0-canary-d803f519e-20231020&dev": "c3631edc23b9d6fb358941c3b920423039d164af46c91fc49def923656044d35",
    "https://esm.sh/react@18.3.0-canary-d803f519e-20231020&dev/jsx-dev-runtime": "aefef1a460441e00cdf36613b43e83aad2e411428d333fadb17dc0398f19475c",
    "https://esm.sh/react@18.3.0-next-4bd245e9e-20221104/jsx-dev-runtime": "03a07ee751d3fe015571a9e46878ef63dd7ad8c10bee1ffc011c09504d1db2bc",
    "https://esm.sh/react@18.3.0-next-4bd245e9e-20221104?dev": "866c00a1a1190a917205579fd94f53ce7253b57d718fccfa1568ad8780c07e3e",
    "https://esm.sh/stable/react@18.3.0-canary-d803f519e-20231020/deno/jsx-dev-runtime.development.js": "f5e6651bec2fe40a7d13ce1bc5c9da959c2d80486e2b716306f91a13e44de4f5",
    "https://esm.sh/stable/react@18.3.0-canary-d803f519e-20231020/deno/react.development.mjs": "d831357489bd84f3eb1a11d195eddebf4efdf04b22eab2145235fbbb8b8b8fe0",
    "https://esm.sh/stable/react@18.3.0-canary-d803f519e-20231020/denonext/react.development.mjs": "6296f39867a521867e4dbf1e69269a53f20c559f576ee0f0761d39a9e40da2e6",
    "https://esm.sh/stable/react@18.3.0-next-4bd245e9e-20221104/deno/jsx-dev-runtime.development.js": "28c24d336fff64758f3044b7636d1cffdcffdb517f270d4da1b8bd5ac569280b",
    "https://esm.sh/stable/react@18.3.0-next-4bd245e9e-20221104/deno/react.development.js": "809101b555a96986d830f6085abadaee17c722cc0878f6963fe0d9621d903e96",
    "https://esm.sh/v133/react-dom@18.3.0-canary-d803f519e-20231020/deno/react-dom.development.mjs": "aa2fb465d94198517ce20d93888f0c4de8d7bfb23fa4912b29dffc45b7ed5590",
    "https://esm.sh/v133/react-dom@18.3.0-canary-d803f519e-20231020/deno/server.development.js": "fa365fd9e3e87f1e9c48b7a83046f4a0d228cf44331798a532a5ffffcb38a54b",
    "https://esm.sh/v133/react-dom@18.3.0-canary-d803f519e-20231020/denonext/react-dom.development.mjs": "a2d92dbd3204fabe91cc432e0eadb4666d7a2e3feaea778135b152e0590486fb",
    "https://esm.sh/v133/react-server-dom-webpack@18.3.0-canary-d803f519e-20231020/deno/client.development.js": "6661cbbb8fd7359f6033aa9bb84886a9442c8df92f43ab07c202a25e56c84a90",
    "https://esm.sh/v133/react-server-dom-webpack@18.3.0-canary-d803f519e-20231020/deno/server.browser.development.js": "8c626ef83b38bf66035c9cfc64cb52b3fb1ae8ba127b9d5a8adeccf5b8c0bdc4",
    "https://esm.sh/v133/react-server-dom-webpack@18.3.0-canary-d803f519e-20231020/deno/server.development.js": "b87eb47c1cb73a98e2218d4b597de95b07751076274e37c8fe0d9a5f52b64259",
    "https://esm.sh/v133/react-server-dom-webpack@18.3.0-canary-d803f519e-20231020/deno/server.edge.development.js": "c19d9cc07e09800ff1f2b6fbc1d9ec7cf4669c42a38f9a8add7b3a8077bc50b6",
    "https://esm.sh/v133/react-server-dom-webpack@18.3.0-canary-d803f519e-20231020/denonext/server.node.unbundled.development.js": "d9ef121ed12cd62c225ef9405131b1608abfdf385cab855972b89785df41fcd1",
    "https://esm.sh/v133/scheduler@0.24.0-canary-d803f519e-20231020/deno/scheduler.development.mjs": "a68c681f7b6294e7996ce4d51ffb603efe32325b585ee62b251885f3a2dcf45f",
    "https://esm.sh/v133/scheduler@0.24.0-canary-d803f519e-20231020/denonext/scheduler.development.mjs": "06ecc809b8408239986afe975ac5a2f1762010176f4e902d38781e8324888f51",
    "https://esm.sh/v96/@types/prop-types@15.7.5/index.d.ts": "6a386ff939f180ae8ef064699d8b7b6e62bc2731a62d7fbf5e02589383838dea",
    "https://esm.sh/v96/@types/react-dom@18.0.8/server~.d.ts": "954d3e8681fe59bde6377bc8136c3488eaaace7746bd13b4060f655cc111be25",
    "https://esm.sh/v96/@types/react@18.0.21/global.d.ts": "bbdf156fea2fabed31a569445835aeedcc33643d404fcbaa54541f06c109df3f",
    "https://esm.sh/v96/@types/react@18.0.21/index.d.ts": "c1331ac9d04748a098127f35e0f3f08f6739381dfdc5d718c2180702bcf3eb96",
    "https://esm.sh/v96/@types/react@18.0.21/jsx-dev-runtime~.d.ts": "7efb28f322f647d652575b99e1d9cda1af17e93bdf6f649cc5d0a8527fc75324",
    "https://esm.sh/v96/@types/scheduler@0.16.2/tracing.d.ts": "f5a8b384f182b3851cec3596ccc96cb7464f8d3469f48c74bf2befb782a19de5",
    "https://esm.sh/v96/csstype@3.1.1/index.d.ts": "1c29793071152b207c01ea1954e343be9a44d85234447b2b236acae9e709a383",
    "https://esm.sh/v96/react-dom@18.3.0-next-4bd245e9e-20221104/deno/react-dom.development.js": "43e2d604e37b6e8ea4cd4471692c884396411302f5076c14ad62073727dc5b8a",
    "https://esm.sh/v96/react-dom@18.3.0-next-4bd245e9e-20221104/deno/server.development.js": "d01f22009e7407b745b919372200b4ee16ab9edd71e218ea394a5bcc672a7660",
    "https://esm.sh/v96/scheduler@0.24.0-next-4bd245e9e-20221104/deno/scheduler.development.js": "9cbe17045f90802e0596d394d7043fad4b9d49369ecc41c76d7f0e699937e6c8",
    "https://esm.sh/v98/lodash.isequal@4.5.0/es2022/lodash.isequal.js": "34e7b1dbdf04561e97a667f494a1adcd0b37dafb26015d12542904fc4b5d913c"
  }
}
