{
  "name": "danreev.es",
  "lockfileVersion": 3,
  "requires": true,
  "packages": {
    "": {
      "dependencies": {
        "nue-glow": "^0.1.1"
      }
    },
    "node_modules/nue-glow": {
      "version": "0.1.1",
      "resolved": "https://registry.npmjs.org/nue-glow/-/nue-glow-0.1.1.tgz",
      "integrity": "sha512-Oyz1vy50vaDwfOKA3gAkIoFHMv5bi9LJ/S6QcS3pZN5KffzSQjhs8HHh9tT9AXPAc6n3DmfZkMFRR75LiglhaQ==",
      "engines": {
        "bun": ">= 1",
        "node": ">= 18"
      }
    }
  }
}
