version: 2.0
shards:
  cache:
    git: https://github.com/mamantoha/cache.git
    version: 0.12.1

  cmark:
    git: https://github.com/amauryt/cr-cmark-gfm.git
    version: 0.1.0+git.commit.4dd681983e6fe10c5e44ef7f38ed94e8a7a9b147

  dotenv:
    git: https://github.com/gdotdesign/cr-dotenv.git
    version: 1.0.0

  exception_page:
    git: https://github.com/crystal-loot/exception_page.git
    version: 0.1.5

  kemal:
    git: https://github.com/kemalcr/kemal.git
    version: 1.0.0

  kilt:
    git: https://github.com/jeromegn/kilt.git
    version: 0.4.1

  radix:
    git: https://github.com/luislavena/radix.git
    version: 0.4.1

  temel:
    git: https://github.com/f/temel.git
    version: 0.1.0+git.commit.f7ddd6d70ff9f13ec00fa49f9ede68bb4650caf9

  watch:
    git: https://github.com/danreeves/watch.git
    version: 1.0.1+git.commit.489bbbfaf4283f6d7a5bbf9ab34ae3c6d00713b2

