version: 2.0
shards:
  exception_page:
    git: https://github.com/crystal-loot/exception_page.git
    version: 0.1.4

  kemal:
    git: https://github.com/kemalcr/kemal.git
    version: 0.26.1+git.commit.a819d4792bbc63d993d6dd2b15f9af5efb0c2d8c

  kilt:
    git: https://github.com/jeromegn/kilt.git
    version: 0.4.0

  markd:
    git: https://github.com/icyleaf/markd.git
    version: 0.2.1

  radix:
    git: https://github.com/luislavena/radix.git
    version: 0.3.9

  temel:
    git: https://github.com/f/temel.git
    version: 0.1.0+git.commit.f7ddd6d70ff9f13ec00fa49f9ede68bb4650caf9

  watch:
    git: https://github.com/danreeves/watch.git
    version: 1.0.1+git.commit.3246999fa5ea68e534f80df92ad13c928129173c

